
Microsoft Visual Studio Solution File, Format Version 12.00
# Visual Studio Version 17
VisualStudioVersion = 17.0.31903.59
MinimumVisualStudioVersion = 10.0.40219.1
Project("{2150E333-8FDC-42A3-9474-1A3956D46DE8}") = "src", "src", "{827E0CD3-B72D-47B6-A68D-7590B98EB39B}"
EndProject
Project("{FAE04EC0-301F-11D3-BF4B-00C04F79EFBC}") = "CivicFlow.Api", "src\CivicFlow.Api\CivicFlow.Api.csproj", "{01CE5F0D-E502-40B1-9750-DBA80ADE0D21}"
EndProject
Project("{FAE04EC0-301F-11D3-BF4B-00C04F79EFBC}") = "CivicFlow.Shared", "src\CivicFlow.Shared\CivicFlow.Shared.csproj", "{23EAF641-F23C-4C82-A7C9-F4E860F6619A}"
EndProject
Project("{FAE04EC0-301F-11D3-BF4B-00C04F79EFBC}") = "CivicFlow.Infrastructure", "src\CivicFlow.Infrastructure\CivicFlow.Infrastructure.csproj", "{150951AD-73F9-4BD2-B9A1-783537DF444E}"
EndProject
Project("{2150E333-8FDC-42A3-9474-1A3956D46DE8}") = "tests", "tests", "{0AB3BF05-4346-4AA6-1389-037BE0695223}"
EndProject
Project("{FAE04EC0-301F-11D3-BF4B-00C04F79EFBC}") = "CivicFlow.Tests", "tests\CivicFlow.Tests\CivicFlow.Tests.csproj", "{D20FEFA8-19B7-4327-86F0-A116F6769563}"
EndProject
Project("{2150E333-8FDC-42A3-9474-1A3956D46DE8}") = "Modules", "Modules", "{EC447DCF-ABFA-6E24-52A5-D7FD48A5C558}"
EndProject
Project("{FAE04EC0-301F-11D3-BF4B-00C04F79EFBC}") = "CivicFlow.Modules.Identity", "src\Modules\CivicFlow.Modules.Identity\CivicFlow.Modules.Identity.csproj", "{685590DB-B764-421F-A0FC-B65258624150}"
EndProject
Project("{FAE04EC0-301F-11D3-BF4B-00C04F79EFBC}") = "CivicFlow.Modules.Reports", "src\Modules\CivicFlow.Modules.Reports\CivicFlow.Modules.Reports.csproj", "{89E87282-925A-4509-84AC-42F390C6B440}"
EndProject
Project("{FAE04EC0-301F-11D3-BF4B-00C04F79EFBC}") = "CivicFlow.Modules.WorkOrders", "src\Modules\CivicFlow.Modules.WorkOrders\CivicFlow.Modules.WorkOrders.csproj", "{B8E22379-C078-4FA8-A1BF-23C87A98F643}"
EndProject
Project("{FAE04EC0-301F-11D3-BF4B-00C04F79EFBC}") = "CivicFlow.Modules.Knowledge", "src\Modules\CivicFlow.Modules.Knowledge\CivicFlow.Modules.Knowledge.csproj", "{5F7D7F9E-3FF7-48CD-A2EE-10F9B47E7285}"
EndProject
Project("{FAE04EC0-301F-11D3-BF4B-00C04F79EFBC}") = "CivicFlow.Modules.Engagement", "src\Modules\CivicFlow.Modules.Engagement\CivicFlow.Modules.Engagement.csproj", "{11585502-FB9B-40A5-85FC-F3C1C034C41C}"
EndProject
Project("{FAE04EC0-301F-11D3-BF4B-00C04F79EFBC}") = "CivicFlow.Modules.AdministrativeUnits", "src\Modules\CivicFlow.Modules.AdministrativeUnits\CivicFlow.Modules.AdministrativeUnits.csproj", "{442A924E-3C74-4999-A3AB-1A49AFEEFCE5}"
EndProject
Global
	GlobalSection(SolutionConfigurationPlatforms) = preSolution
		Debug|Any CPU = Debug|Any CPU
		Debug|x64 = Debug|x64
		Debug|x86 = Debug|x86
		Release|Any CPU = Release|Any CPU
		Release|x64 = Release|x64
		Release|x86 = Release|x86
	EndGlobalSection
	GlobalSection(ProjectConfigurationPlatforms) = postSolution
		{01CE5F0D-E502-40B1-9750-DBA80ADE0D21}.Debug|Any CPU.ActiveCfg = Debug|Any CPU
		{01CE5F0D-E502-40B1-9750-DBA80ADE0D21}.Debug|Any CPU.Build.0 = Debug|Any CPU
		{01CE5F0D-E502-40B1-9750-DBA80ADE0D21}.Debug|x64.ActiveCfg = Debug|Any CPU
		{01CE5F0D-E502-40B1-9750-DBA80ADE0D21}.Debug|x64.Build.0 = Debug|Any CPU
		{01CE5F0D-E502-40B1-9750-DBA80ADE0D21}.Debug|x86.ActiveCfg = Debug|Any CPU
		{01CE5F0D-E502-40B1-9750-DBA80ADE0D21}.Debug|x86.Build.0 = Debug|Any CPU
		{01CE5F0D-E502-40B1-9750-DBA80ADE0D21}.Release|Any CPU.ActiveCfg = Release|Any CPU
		{01CE5F0D-E502-40B1-9750-DBA80ADE0D21}.Release|Any CPU.Build.0 = Release|Any CPU
		{01CE5F0D-E502-40B1-9750-DBA80ADE0D21}.Release|x64.ActiveCfg = Release|Any CPU
		{01CE5F0D-E502-40B1-9750-DBA80ADE0D21}.Release|x64.Build.0 = Release|Any CPU
		{01CE5F0D-E502-40B1-9750-DBA80ADE0D21}.Release|x86.ActiveCfg = Release|Any CPU
		{01CE5F0D-E502-40B1-9750-DBA80ADE0D21}.Release|x86.Build.0 = Release|Any CPU
		{23EAF641-F23C-4C82-A7C9-F4E860F6619A}.Debug|Any CPU.ActiveCfg = Debug|Any CPU
		{23EAF641-F23C-4C82-A7C9-F4E860F6619A}.Debug|Any CPU.Build.0 = Debug|Any CPU
		{23EAF641-F23C-4C82-A7C9-F4E860F6619A}.Debug|x64.ActiveCfg = Debug|Any CPU
		{23EAF641-F23C-4C82-A7C9-F4E860F6619A}.Debug|x64.Build.0 = Debug|Any CPU
		{23EAF641-F23C-4C82-A7C9-F4E860F6619A}.Debug|x86.ActiveCfg = Debug|Any CPU
		{23EAF641-F23C-4C82-A7C9-F4E860F6619A}.Debug|x86.Build.0 = Debug|Any CPU
		{23EAF641-F23C-4C82-A7C9-F4E860F6619A}.Release|Any CPU.ActiveCfg = Release|Any CPU
		{23EAF641-F23C-4C82-A7C9-F4E860F6619A}.Release|Any CPU.Build.0 = Release|Any CPU
		{23EAF641-F23C-4C82-A7C9-F4E860F6619A}.Release|x64.ActiveCfg = Release|Any CPU
		{23EAF641-F23C-4C82-A7C9-F4E860F6619A}.Release|x64.Build.0 = Release|Any CPU
		{23EAF641-F23C-4C82-A7C9-F4E860F6619A}.Release|x86.ActiveCfg = Release|Any CPU
		{23EAF641-F23C-4C82-A7C9-F4E860F6619A}.Release|x86.Build.0 = Release|Any CPU
		{150951AD-73F9-4BD2-B9A1-783537DF444E}.Debug|Any CPU.ActiveCfg = Debug|Any CPU
		{150951AD-73F9-4BD2-B9A1-783537DF444E}.Debug|Any CPU.Build.0 = Debug|Any CPU
		{150951AD-73F9-4BD2-B9A1-783537DF444E}.Debug|x64.ActiveCfg = Debug|Any CPU
		{150951AD-73F9-4BD2-B9A1-783537DF444E}.Debug|x64.Build.0 = Debug|Any CPU
		{150951AD-73F9-4BD2-B9A1-783537DF444E}.Debug|x86.ActiveCfg = Debug|Any CPU
		{150951AD-73F9-4BD2-B9A1-783537DF444E}.Debug|x86.Build.0 = Debug|Any CPU
		{150951AD-73F9-4BD2-B9A1-783537DF444E}.Release|Any CPU.ActiveCfg = Release|Any CPU
		{150951AD-73F9-4BD2-B9A1-783537DF444E}.Release|Any CPU.Build.0 = Release|Any CPU
		{150951AD-73F9-4BD2-B9A1-783537DF444E}.Release|x64.ActiveCfg = Release|Any CPU
		{150951AD-73F9-4BD2-B9A1-783537DF444E}.Release|x64.Build.0 = Release|Any CPU
		{150951AD-73F9-4BD2-B9A1-783537DF444E}.Release|x86.ActiveCfg = Release|Any CPU
		{150951AD-73F9-4BD2-B9A1-783537DF444E}.Release|x86.Build.0 = Release|Any CPU
		{D20FEFA8-19B7-4327-86F0-A116F6769563}.Debug|Any CPU.ActiveCfg = Debug|Any CPU
		{D20FEFA8-19B7-4327-86F0-A116F6769563}.Debug|Any CPU.Build.0 = Debug|Any CPU
		{D20FEFA8-19B7-4327-86F0-A116F6769563}.Debug|x64.ActiveCfg = Debug|Any CPU
		{D20FEFA8-19B7-4327-86F0-A116F6769563}.Debug|x64.Build.0 = Debug|Any CPU
		{D20FEFA8-19B7-4327-86F0-A116F6769563}.Debug|x86.ActiveCfg = Debug|Any CPU
		{D20FEFA8-19B7-4327-86F0-A116F6769563}.Debug|x86.Build.0 = Debug|Any CPU
		{D20FEFA8-19B7-4327-86F0-A116F6769563}.Release|Any CPU.ActiveCfg = Release|Any CPU
		{D20FEFA8-19B7-4327-86F0-A116F6769563}.Release|Any CPU.Build.0 = Release|Any CPU
		{D20FEFA8-19B7-4327-86F0-A116F6769563}.Release|x64.ActiveCfg = Release|Any CPU
		{D20FEFA8-19B7-4327-86F0-A116F6769563}.Release|x64.Build.0 = Release|Any CPU
		{D20FEFA8-19B7-4327-86F0-A116F6769563}.Release|x86.ActiveCfg = Release|Any CPU
		{D20FEFA8-19B7-4327-86F0-A116F6769563}.Release|x86.Build.0 = Release|Any CPU
		{685590DB-B764-421F-A0FC-B65258624150}.Debug|Any CPU.ActiveCfg = Debug|Any CPU
		{685590DB-B764-421F-A0FC-B65258624150}.Debug|Any CPU.Build.0 = Debug|Any CPU
		{685590DB-B764-421F-A0FC-B65258624150}.Debug|x64.ActiveCfg = Debug|Any CPU
		{685590DB-B764-421F-A0FC-B65258624150}.Debug|x64.Build.0 = Debug|Any CPU
		{685590DB-B764-421F-A0FC-B65258624150}.Debug|x86.ActiveCfg = Debug|Any CPU
		{685590DB-B764-421F-A0FC-B65258624150}.Debug|x86.Build.0 = Debug|Any CPU
		{685590DB-B764-421F-A0FC-B65258624150}.Release|Any CPU.ActiveCfg = Release|Any CPU
		{685590DB-B764-421F-A0FC-B65258624150}.Release|Any CPU.Build.0 = Release|Any CPU
		{685590DB-B764-421F-A0FC-B65258624150}.Release|x64.ActiveCfg = Release|Any CPU
		{685590DB-B764-421F-A0FC-B65258624150}.Release|x64.Build.0 = Release|Any CPU
		{685590DB-B764-421F-A0FC-B65258624150}.Release|x86.ActiveCfg = Release|Any CPU
		{685590DB-B764-421F-A0FC-B65258624150}.Release|x86.Build.0 = Release|Any CPU
		{89E87282-925A-4509-84AC-42F390C6B440}.Debug|Any CPU.ActiveCfg = Debug|Any CPU
		{89E87282-925A-4509-84AC-42F390C6B440}.Debug|Any CPU.Build.0 = Debug|Any CPU
		{89E87282-925A-4509-84AC-42F390C6B440}.Debug|x64.ActiveCfg = Debug|Any CPU
		{89E87282-925A-4509-84AC-42F390C6B440}.Debug|x64.Build.0 = Debug|Any CPU
		{89E87282-925A-4509-84AC-42F390C6B440}.Debug|x86.ActiveCfg = Debug|Any CPU
		{89E87282-925A-4509-84AC-42F390C6B440}.Debug|x86.Build.0 = Debug|Any CPU
		{89E87282-925A-4509-84AC-42F390C6B440}.Release|Any CPU.ActiveCfg = Release|Any CPU
		{89E87282-925A-4509-84AC-42F390C6B440}.Release|Any CPU.Build.0 = Release|Any CPU
		{89E87282-925A-4509-84AC-42F390C6B440}.Release|x64.ActiveCfg = Release|Any CPU
		{89E87282-925A-4509-84AC-42F390C6B440}.Release|x64.Build.0 = Release|Any CPU
		{89E87282-925A-4509-84AC-42F390C6B440}.Release|x86.ActiveCfg = Release|Any CPU
		{89E87282-925A-4509-84AC-42F390C6B440}.Release|x86.Build.0 = Release|Any CPU
		{B8E22379-C078-4FA8-A1BF-23C87A98F643}.Debug|Any CPU.ActiveCfg = Debug|Any CPU
		{B8E22379-C078-4FA8-A1BF-23C87A98F643}.Debug|Any CPU.Build.0 = Debug|Any CPU
		{B8E22379-C078-4FA8-A1BF-23C87A98F643}.Debug|x64.ActiveCfg = Debug|Any CPU
		{B8E22379-C078-4FA8-A1BF-23C87A98F643}.Debug|x64.Build.0 = Debug|Any CPU
		{B8E22379-C078-4FA8-A1BF-23C87A98F643}.Debug|x86.ActiveCfg = Debug|Any CPU
		{B8E22379-C078-4FA8-A1BF-23C87A98F643}.Debug|x86.Build.0 = Debug|Any CPU
		{B8E22379-C078-4FA8-A1BF-23C87A98F643}.Release|Any CPU.ActiveCfg = Release|Any CPU
		{B8E22379-C078-4FA8-A1BF-23C87A98F643}.Release|Any CPU.Build.0 = Release|Any CPU
		{B8E22379-C078-4FA8-A1BF-23C87A98F643}.Release|x64.ActiveCfg = Release|Any CPU
		{B8E22379-C078-4FA8-A1BF-23C87A98F643}.Release|x64.Build.0 = Release|Any CPU
		{B8E22379-C078-4FA8-A1BF-23C87A98F643}.Release|x86.ActiveCfg = Release|Any CPU
		{B8E22379-C078-4FA8-A1BF-23C87A98F643}.Release|x86.Build.0 = Release|Any CPU
		{5F7D7F9E-3FF7-48CD-A2EE-10F9B47E7285}.Debug|Any CPU.ActiveCfg = Debug|Any CPU
		{5F7D7F9E-3FF7-48CD-A2EE-10F9B47E7285}.Debug|Any CPU.Build.0 = Debug|Any CPU
		{5F7D7F9E-3FF7-48CD-A2EE-10F9B47E7285}.Debug|x64.ActiveCfg = Debug|Any CPU
		{5F7D7F9E-3FF7-48CD-A2EE-10F9B47E7285}.Debug|x64.Build.0 = Debug|Any CPU
		{5F7D7F9E-3FF7-48CD-A2EE-10F9B47E7285}.Debug|x86.ActiveCfg = Debug|Any CPU
		{5F7D7F9E-3FF7-48CD-A2EE-10F9B47E7285}.Debug|x86.Build.0 = Debug|Any CPU
		{5F7D7F9E-3FF7-48CD-A2EE-10F9B47E7285}.Release|Any CPU.ActiveCfg = Release|Any CPU
		{5F7D7F9E-3FF7-48CD-A2EE-10F9B47E7285}.Release|Any CPU.Build.0 = Release|Any CPU
		{5F7D7F9E-3FF7-48CD-A2EE-10F9B47E7285}.Release|x64.ActiveCfg = Release|Any CPU
		{5F7D7F9E-3FF7-48CD-A2EE-10F9B47E7285}.Release|x64.Build.0 = Release|Any CPU
		{5F7D7F9E-3FF7-48CD-A2EE-10F9B47E7285}.Release|x86.ActiveCfg = Release|Any CPU
		{5F7D7F9E-3FF7-48CD-A2EE-10F9B47E7285}.Release|x86.Build.0 = Release|Any CPU
		{11585502-FB9B-40A5-85FC-F3C1C034C41C}.Debug|Any CPU.ActiveCfg = Debug|Any CPU
		{11585502-FB9B-40A5-85FC-F3C1C034C41C}.Debug|Any CPU.Build.0 = Debug|Any CPU
		{11585502-FB9B-40A5-85FC-F3C1C034C41C}.Debug|x64.ActiveCfg = Debug|Any CPU
		{11585502-FB9B-40A5-85FC-F3C1C034C41C}.Debug|x64.Build.0 = Debug|Any CPU
		{11585502-FB9B-40A5-85FC-F3C1C034C41C}.Debug|x86.ActiveCfg = Debug|Any CPU
		{11585502-FB9B-40A5-85FC-F3C1C034C41C}.Debug|x86.Build.0 = Debug|Any CPU
		{11585502-FB9B-40A5-85FC-F3C1C034C41C}.Release|Any CPU.ActiveCfg = Release|Any CPU
		{11585502-FB9B-40A5-85FC-F3C1C034C41C}.Release|Any CPU.Build.0 = Release|Any CPU
		{11585502-FB9B-40A5-85FC-F3C1C034C41C}.Release|x64.ActiveCfg = Release|Any CPU
		{11585502-FB9B-40A5-85FC-F3C1C034C41C}.Release|x64.Build.0 = Release|Any CPU
		{11585502-FB9B-40A5-85FC-F3C1C034C41C}.Release|x86.ActiveCfg = Release|Any CPU
		{11585502-FB9B-40A5-85FC-F3C1C034C41C}.Release|x86.Build.0 = Release|Any CPU
		{442A924E-3C74-4999-A3AB-1A49AFEEFCE5}.Debug|Any CPU.ActiveCfg = Debug|Any CPU
		{442A924E-3C74-4999-A3AB-1A49AFEEFCE5}.Debug|Any CPU.Build.0 = Debug|Any CPU
		{442A924E-3C74-4999-A3AB-1A49AFEEFCE5}.Debug|x64.ActiveCfg = Debug|Any CPU
		{442A924E-3C74-4999-A3AB-1A49AFEEFCE5}.Debug|x64.Build.0 = Debug|Any CPU
		{442A924E-3C74-4999-A3AB-1A49AFEEFCE5}.Debug|x86.ActiveCfg = Debug|Any CPU
		{442A924E-3C74-4999-A3AB-1A49AFEEFCE5}.Debug|x86.Build.0 = Debug|Any CPU
		{442A924E-3C74-4999-A3AB-1A49AFEEFCE5}.Release|Any CPU.ActiveCfg = Release|Any CPU
		{442A924E-3C74-4999-A3AB-1A49AFEEFCE5}.Release|Any CPU.Build.0 = Release|Any CPU
		{442A924E-3C74-4999-A3AB-1A49AFEEFCE5}.Release|x64.ActiveCfg = Release|Any CPU
		{442A924E-3C74-4999-A3AB-1A49AFEEFCE5}.Release|x64.Build.0 = Release|Any CPU
		{442A924E-3C74-4999-A3AB-1A49AFEEFCE5}.Release|x86.ActiveCfg = Release|Any CPU
		{442A924E-3C74-4999-A3AB-1A49AFEEFCE5}.Release|x86.Build.0 = Release|Any CPU
	EndGlobalSection
	GlobalSection(SolutionProperties) = preSolution
		HideSolutionNode = FALSE
	EndGlobalSection
	GlobalSection(NestedProjects) = preSolution
		{01CE5F0D-E502-40B1-9750-DBA80ADE0D21} = {827E0CD3-B72D-47B6-A68D-7590B98EB39B}
		{23EAF641-F23C-4C82-A7C9-F4E860F6619A} = {827E0CD3-B72D-47B6-A68D-7590B98EB39B}
		{150951AD-73F9-4BD2-B9A1-783537DF444E} = {827E0CD3-B72D-47B6-A68D-7590B98EB39B}
		{D20FEFA8-19B7-4327-86F0-A116F6769563} = {0AB3BF05-4346-4AA6-1389-037BE0695223}
		{EC447DCF-ABFA-6E24-52A5-D7FD48A5C558} = {827E0CD3-B72D-47B6-A68D-7590B98EB39B}
		{685590DB-B764-421F-A0FC-B65258624150} = {EC447DCF-ABFA-6E24-52A5-D7FD48A5C558}
		{89E87282-925A-4509-84AC-42F390C6B440} = {EC447DCF-ABFA-6E24-52A5-D7FD48A5C558}
		{B8E22379-C078-4FA8-A1BF-23C87A98F643} = {EC447DCF-ABFA-6E24-52A5-D7FD48A5C558}
		{5F7D7F9E-3FF7-48CD-A2EE-10F9B47E7285} = {EC447DCF-ABFA-6E24-52A5-D7FD48A5C558}
		{11585502-FB9B-40A5-85FC-F3C1C034C41C} = {EC447DCF-ABFA-6E24-52A5-D7FD48A5C558}
		{442A924E-3C74-4999-A3AB-1A49AFEEFCE5} = {EC447DCF-ABFA-6E24-52A5-D7FD48A5C558}
	EndGlobalSection
EndGlobal
